# This file is automatically @generated by Cargo.
# It is not intended for manual editing.
version = 4

[[package]]
name = "md-crdt-ci"
version = "0.1.0"

[[package]]
name = "md-crdt-cli"
version = "0.1.0"

[[package]]
name = "md-crdt-core"
version = "0.1.0"

[[package]]
name = "md-crdt-doc"
version = "0.1.0"

[[package]]
name = "md-crdt-ffi"
version = "0.1.0"

[[package]]
name = "md-crdt-filesync"
version = "0.1.0"

[[package]]
name = "md-crdt-naive-oracle"
version = "0.1.0"

[[package]]
name = "md-crdt-storage"
version = "0.1.0"

[[package]]
name = "md-crdt-sync"
version = "0.1.0"
